github.com/gage-technologies/mistral-go v1.1.0 h1:POv1wM9jA/9OBXGV2YdPi9Y/h09+MjCbUF+9hRYlVUI=
github.com/gage-technologies/mistral-go v1.1.0/go.mod h1:tF++Xt7U975GcLlzhrjSQb8l/x+PrriO9QEdsgm9l28=
github.com/google/uuid v1.6.0 h1:NIvaJDMOsjHA8n1jAhLSgzrAzy1Hgr+hNrb57e+94F0=
github.com/google/uuid v1.6.0/go.mod h1:TIyPZe4MgqvfeYDBFedMoGGpEw/LqOeaOT+nhxU+yHo=
github.com/gorilla/websocket v1.5.3 h1:saDtZ6Pbx/0u+bgYQ3q96pZgCzfhKXGPqt7kZ72aNNg=
github.com/gorilla/websocket v1.5.3/go.mod h1:YR8l580nyteQvAITg2hZ9XVh4b55+EU/adAjf1fMHhE=